
Microsoft Visual Studio Solution File, Format Version 12.00
# Visual Studio Version 17
VisualStudioVersion = 17.0.31903.59
MinimumVisualStudioVersion = 10.0.40219.1
Project("{2150E333-8FDC-42A3-9474-1A3956D46DE8}") = "src", "src", "{827E0CD3-B72D-47B6-A68D-7590B98EB39B}"
EndProject
Project("{FAE04EC0-301F-11D3-BF4B-00C04F79EFBC}") = "FacturasFacil.Core", "src\FacturasFacil.Core\FacturasFacil.Core.csproj", "{6EFF78AD-583D-477A-B2DC-2909EEA35A62}"
EndProject
Project("{FAE04EC0-301F-11D3-BF4B-00C04F79EFBC}") = "FacturasFacil.Api", "src\FacturasFacil.Api\FacturasFacil.Api.csproj", "{2C69ACE0-CEF3-495B-B148-1A1B7B5DF79F}"
EndProject
Project("{FAE04EC0-301F-11D3-BF4B-00C04F79EFBC}") = "FacturasFacil.Desktop", "src\FacturasFacil.Desktop\FacturasFacil.Desktop.csproj", "{0A78B07D-C1C0-47A7-9914-1157580A6682}"
EndProject
Global
	GlobalSection(SolutionConfigurationPlatforms) = preSolution
		Debug|Any CPU = Debug|Any CPU
		Debug|x64 = Debug|x64
		Debug|x86 = Debug|x86
		Release|Any CPU = Release|Any CPU
		Release|x64 = Release|x64
		Release|x86 = Release|x86
	EndGlobalSection
	GlobalSection(ProjectConfigurationPlatforms) = postSolution
		{6EFF78AD-583D-477A-B2DC-2909EEA35A62}.Debug|Any CPU.ActiveCfg = Debug|Any CPU
		{6EFF78AD-583D-477A-B2DC-2909EEA35A62}.Debug|Any CPU.Build.0 = Debug|Any CPU
		{6EFF78AD-583D-477A-B2DC-2909EEA35A62}.Debug|x64.ActiveCfg = Debug|Any CPU
		{6EFF78AD-583D-477A-B2DC-2909EEA35A62}.Debug|x64.Build.0 = Debug|Any CPU
		{6EFF78AD-583D-477A-B2DC-2909EEA35A62}.Debug|x86.ActiveCfg = Debug|Any CPU
		{6EFF78AD-583D-477A-B2DC-2909EEA35A62}.Debug|x86.Build.0 = Debug|Any CPU
		{6EFF78AD-583D-477A-B2DC-2909EEA35A62}.Release|Any CPU.ActiveCfg = Release|Any CPU
		{6EFF78AD-583D-477A-B2DC-2909EEA35A62}.Release|Any CPU.Build.0 = Release|Any CPU
		{6EFF78AD-583D-477A-B2DC-2909EEA35A62}.Release|x64.ActiveCfg = Release|Any CPU
		{6EFF78AD-583D-477A-B2DC-2909EEA35A62}.Release|x64.Build.0 = Release|Any CPU
		{6EFF78AD-583D-477A-B2DC-2909EEA35A62}.Release|x86.ActiveCfg = Release|Any CPU
		{6EFF78AD-583D-477A-B2DC-2909EEA35A62}.Release|x86.Build.0 = Release|Any CPU
		{2C69ACE0-CEF3-495B-B148-1A1B7B5DF79F}.Debug|Any CPU.ActiveCfg = Debug|Any CPU
		{2C69ACE0-CEF3-495B-B148-1A1B7B5DF79F}.Debug|Any CPU.Build.0 = Debug|Any CPU
		{2C69ACE0-CEF3-495B-B148-1A1B7B5DF79F}.Debug|x64.ActiveCfg = Debug|Any CPU
		{2C69ACE0-CEF3-495B-B148-1A1B7B5DF79F}.Debug|x64.Build.0 = Debug|Any CPU
		{2C69ACE0-CEF3-495B-B148-1A1B7B5DF79F}.Debug|x86.ActiveCfg = Debug|Any CPU
		{2C69ACE0-CEF3-495B-B148-1A1B7B5DF79F}.Debug|x86.Build.0 = Debug|Any CPU
		{2C69ACE0-CEF3-495B-B148-1A1B7B5DF79F}.Release|Any CPU.ActiveCfg = Release|Any CPU
		{2C69ACE0-CEF3-495B-B148-1A1B7B5DF79F}.Release|Any CPU.Build.0 = Release|Any CPU
		{2C69ACE0-CEF3-495B-B148-1A1B7B5DF79F}.Release|x64.ActiveCfg = Release|Any CPU
		{2C69ACE0-CEF3-495B-B148-1A1B7B5DF79F}.Release|x64.Build.0 = Release|Any CPU
		{2C69ACE0-CEF3-495B-B148-1A1B7B5DF79F}.Release|x86.ActiveCfg = Release|Any CPU
		{2C69ACE0-CEF3-495B-B148-1A1B7B5DF79F}.Release|x86.Build.0 = Release|Any CPU
		{0A78B07D-C1C0-47A7-9914-1157580A6682}.Debug|Any CPU.ActiveCfg = Debug|Any CPU
		{0A78B07D-C1C0-47A7-9914-1157580A6682}.Debug|Any CPU.Build.0 = Debug|Any CPU
		{0A78B07D-C1C0-47A7-9914-1157580A6682}.Debug|x64.ActiveCfg = Debug|Any CPU
		{0A78B07D-C1C0-47A7-9914-1157580A6682}.Debug|x64.Build.0 = Debug|Any CPU
		{0A78B07D-C1C0-47A7-9914-1157580A6682}.Debug|x86.ActiveCfg = Debug|Any CPU
		{0A78B07D-C1C0-47A7-9914-1157580A6682}.Debug|x86.Build.0 = Debug|Any CPU
		{0A78B07D-C1C0-47A7-9914-1157580A6682}.Release|Any CPU.ActiveCfg = Release|Any CPU
		{0A78B07D-C1C0-47A7-9914-1157580A6682}.Release|Any CPU.Build.0 = Release|Any CPU
		{0A78B07D-C1C0-47A7-9914-1157580A6682}.Release|x64.ActiveCfg = Release|Any CPU
		{0A78B07D-C1C0-47A7-9914-1157580A6682}.Release|x64.Build.0 = Release|Any CPU
		{0A78B07D-C1C0-47A7-9914-1157580A6682}.Release|x86.ActiveCfg = Release|Any CPU
		{0A78B07D-C1C0-47A7-9914-1157580A6682}.Release|x86.Build.0 = Release|Any CPU
	EndGlobalSection
	GlobalSection(SolutionProperties) = preSolution
		HideSolutionNode = FALSE
	EndGlobalSection
	GlobalSection(NestedProjects) = preSolution
		{6EFF78AD-583D-477A-B2DC-2909EEA35A62} = {827E0CD3-B72D-47B6-A68D-7590B98EB39B}
		{2C69ACE0-CEF3-495B-B148-1A1B7B5DF79F} = {827E0CD3-B72D-47B6-A68D-7590B98EB39B}
		{0A78B07D-C1C0-47A7-9914-1157580A6682} = {827E0CD3-B72D-47B6-A68D-7590B98EB39B}
	EndGlobalSection
EndGlobal
